
Microsoft Visual Studio Solution File, Format Version 12.00
# Visual Studio Version 16
VisualStudioVersion = 16.0.32602.291
MinimumVisualStudioVersion = 10.0.40219.1
Project("{FAE04EC0-301F-11D3-BF4B-00C04F79EFBC}") = "Dlgt", "Dlgt\Dlgt.csproj", "{F304E832-F440-4FDC-BBEF-C88848BB90DC}"
EndProject
Global
	GlobalSection(SolutionConfigurationPlatforms) = preSolution
		Debug|Any CPU = Debug|Any CPU
		Release|Any CPU = Release|Any CPU
	EndGlobalSection
	GlobalSection(ProjectConfigurationPlatforms) = postSolution
		{F304E832-F440-4FDC-BBEF-C88848BB90DC}.Debug|Any CPU.ActiveCfg = Debug|Any CPU
		{F304E832-F440-4FDC-BBEF-C88848BB90DC}.Debug|Any CPU.Build.0 = Debug|Any CPU
		{F304E832-F440-4FDC-BBEF-C88848BB90DC}.Release|Any CPU.ActiveCfg = Release|Any CPU
		{F304E832-F440-4FDC-BBEF-C88848BB90DC}.Release|Any CPU.Build.0 = Release|Any CPU
	EndGlobalSection
	GlobalSection(SolutionProperties) = preSolution
		HideSolutionNode = FALSE
	EndGlobalSection
	GlobalSection(ExtensibilityGlobals) = postSolution
		SolutionGuid = {A975EC15-26D6-47BF-BD89-FA4EED3A3E3B}
	EndGlobalSection
EndGlobal
